
Microsoft Visual Studio Solution File, Format Version 12.00
Project("{FAE04EC0-301F-11D3-BF4B-00C04F79EFBC}") = "ToongabbieUtility.Domain", "src\ToongabbieUtility.Domain\ToongabbieUtility.Domain.csproj", "{F7909F50-FE0C-4552-8C1D-5E63DCDB45D5}"
EndProject
Project("{2150E333-8FDC-42A3-9474-1A3956D46DE8}") = "Tests", "Tests", "{190876CF-5CE8-4CF9-B0E3-3F6840584CB9}"
EndProject
Project("{FAE04EC0-301F-11D3-BF4B-00C04F79EFBC}") = "ToongabbieUtility.Common", "src\ToongabbieUtility.Common\ToongabbieUtility.Common.csproj", "{558BE0DD-A010-4F45-B064-87EC63FB99C1}"
EndProject
Project("{FAE04EC0-301F-11D3-BF4B-00C04F79EFBC}") = "ToongabbieUtility.Common.Tests", "test\ToongabbieUtility.Common.Tests\ToongabbieUtility.Common.Tests.csproj", "{3186CA79-AF56-4FE9-992F-EED163EE25D2}"
EndProject
Project("{FAE04EC0-301F-11D3-BF4B-00C04F79EFBC}") = "ToongabbieUtility.RosterDutyReminder", "src\ToongabbieUtility.RosterDutyReminder\ToongabbieUtility.RosterDutyReminder.csproj", "{DB9D1791-D8C7-45EF-9C2F-AA67E3216E7A}"
EndProject
Project("{FAE04EC0-301F-11D3-BF4B-00C04F79EFBC}") = "ToongabbieUtility.RentPaymentReminder", "src\ToongabbieUtility.RentPaymentReminder\ToongabbieUtility.RentPaymentReminder.csproj", "{56E50F68-FC25-4A0A-BE6D-09DFB6DB02A4}"
EndProject
Project("{FAE04EC0-301F-11D3-BF4B-00C04F79EFBC}") = "ToongabbieUtility.ElectricityBillReminder", "src\ToongabbieUtility.ElectricityBillReminder\ToongabbieUtility.ElectricityBillReminder.csproj", "{18E2A8B6-FDFC-45F5-9B0F-29506E33045E}"
EndProject
Project("{FAE04EC0-301F-11D3-BF4B-00C04F79EFBC}") = "ToongabbieUtility.ElectricityBillReminder.Tests", "test\ToongabbieUtility.ElectricityBillReminder.Tests\ToongabbieUtility.ElectricityBillReminder.Tests.csproj", "{E36587AF-3722-4483-9644-C25695BA240B}"
EndProject
Project("{FAE04EC0-301F-11D3-BF4B-00C04F79EFBC}") = "ToongabbieUtility.RentPaymentReminder.Tests", "test\ToongabbieUtility.RentPaymentReminder.Tests\ToongabbieUtility.RentPaymentReminder.Tests.csproj", "{40F427CF-C46E-47D8-A2E7-93A00065229B}"
EndProject
Project("{FAE04EC0-301F-11D3-BF4B-00C04F79EFBC}") = "ToongabbieUtility.RosterDutyReminder.Tests", "test\ToongabbieUtility.RosterDutyReminder.Tests\ToongabbieUtility.RosterDutyReminder.Tests.csproj", "{BC98C82D-1518-47BA-A046-AD41999A2A64}"
EndProject
Project("{FAE04EC0-301F-11D3-BF4B-00C04F79EFBC}") = "ToongabbieUtility.HeaterUsageTracker", "src\ToongabbieUtility.HeaterUsageTracker\ToongabbieUtility.HeaterUsageTracker.csproj", "{4F1E1AA3-D3CD-49BA-81F7-FDD5838D197F}"
EndProject
Project("{FAE04EC0-301F-11D3-BF4B-00C04F79EFBC}") = "ToongabbieUtility.HeaterUsageTracker.Tests", "test\ToongabbieUtility.HeaterUsageTracker.Tests\ToongabbieUtility.HeaterUsageTracker.Tests.csproj", "{9AB15D09-AB8B-4817-BF5A-C1320442D172}"
EndProject
Project("{FAE04EC0-301F-11D3-BF4B-00C04F79EFBC}") = "ToongabbieUtility.Domain.Tests", "ToongabbieUtility.Domain.Tests\ToongabbieUtility.Domain.Tests.csproj", "{00AC87BD-4A25-4889-A3A6-49F607831505}"
EndProject
Global
	GlobalSection(SolutionConfigurationPlatforms) = preSolution
		Debug|Any CPU = Debug|Any CPU
		Release|Any CPU = Release|Any CPU
	EndGlobalSection
	GlobalSection(ProjectConfigurationPlatforms) = postSolution
		{F7909F50-FE0C-4552-8C1D-5E63DCDB45D5}.Debug|Any CPU.ActiveCfg = Debug|Any CPU
		{F7909F50-FE0C-4552-8C1D-5E63DCDB45D5}.Debug|Any CPU.Build.0 = Debug|Any CPU
		{F7909F50-FE0C-4552-8C1D-5E63DCDB45D5}.Release|Any CPU.ActiveCfg = Release|Any CPU
		{F7909F50-FE0C-4552-8C1D-5E63DCDB45D5}.Release|Any CPU.Build.0 = Release|Any CPU
		{558BE0DD-A010-4F45-B064-87EC63FB99C1}.Debug|Any CPU.ActiveCfg = Debug|Any CPU
		{558BE0DD-A010-4F45-B064-87EC63FB99C1}.Debug|Any CPU.Build.0 = Debug|Any CPU
		{558BE0DD-A010-4F45-B064-87EC63FB99C1}.Release|Any CPU.ActiveCfg = Release|Any CPU
		{558BE0DD-A010-4F45-B064-87EC63FB99C1}.Release|Any CPU.Build.0 = Release|Any CPU
		{3186CA79-AF56-4FE9-992F-EED163EE25D2}.Debug|Any CPU.ActiveCfg = Debug|Any CPU
		{3186CA79-AF56-4FE9-992F-EED163EE25D2}.Debug|Any CPU.Build.0 = Debug|Any CPU
		{3186CA79-AF56-4FE9-992F-EED163EE25D2}.Release|Any CPU.ActiveCfg = Release|Any CPU
		{3186CA79-AF56-4FE9-992F-EED163EE25D2}.Release|Any CPU.Build.0 = Release|Any CPU
		{DB9D1791-D8C7-45EF-9C2F-AA67E3216E7A}.Debug|Any CPU.ActiveCfg = Debug|Any CPU
		{DB9D1791-D8C7-45EF-9C2F-AA67E3216E7A}.Debug|Any CPU.Build.0 = Debug|Any CPU
		{DB9D1791-D8C7-45EF-9C2F-AA67E3216E7A}.Release|Any CPU.ActiveCfg = Release|Any CPU
		{DB9D1791-D8C7-45EF-9C2F-AA67E3216E7A}.Release|Any CPU.Build.0 = Release|Any CPU
		{56E50F68-FC25-4A0A-BE6D-09DFB6DB02A4}.Debug|Any CPU.ActiveCfg = Debug|Any CPU
		{56E50F68-FC25-4A0A-BE6D-09DFB6DB02A4}.Debug|Any CPU.Build.0 = Debug|Any CPU
		{56E50F68-FC25-4A0A-BE6D-09DFB6DB02A4}.Release|Any CPU.ActiveCfg = Release|Any CPU
		{56E50F68-FC25-4A0A-BE6D-09DFB6DB02A4}.Release|Any CPU.Build.0 = Release|Any CPU
		{18E2A8B6-FDFC-45F5-9B0F-29506E33045E}.Debug|Any CPU.ActiveCfg = Debug|Any CPU
		{18E2A8B6-FDFC-45F5-9B0F-29506E33045E}.Debug|Any CPU.Build.0 = Debug|Any CPU
		{18E2A8B6-FDFC-45F5-9B0F-29506E33045E}.Release|Any CPU.ActiveCfg = Release|Any CPU
		{18E2A8B6-FDFC-45F5-9B0F-29506E33045E}.Release|Any CPU.Build.0 = Release|Any CPU
		{E36587AF-3722-4483-9644-C25695BA240B}.Debug|Any CPU.ActiveCfg = Debug|Any CPU
		{E36587AF-3722-4483-9644-C25695BA240B}.Debug|Any CPU.Build.0 = Debug|Any CPU
		{E36587AF-3722-4483-9644-C25695BA240B}.Release|Any CPU.ActiveCfg = Release|Any CPU
		{E36587AF-3722-4483-9644-C25695BA240B}.Release|Any CPU.Build.0 = Release|Any CPU
		{40F427CF-C46E-47D8-A2E7-93A00065229B}.Debug|Any CPU.ActiveCfg = Debug|Any CPU
		{40F427CF-C46E-47D8-A2E7-93A00065229B}.Debug|Any CPU.Build.0 = Debug|Any CPU
		{40F427CF-C46E-47D8-A2E7-93A00065229B}.Release|Any CPU.ActiveCfg = Release|Any CPU
		{40F427CF-C46E-47D8-A2E7-93A00065229B}.Release|Any CPU.Build.0 = Release|Any CPU
		{BC98C82D-1518-47BA-A046-AD41999A2A64}.Debug|Any CPU.ActiveCfg = Debug|Any CPU
		{BC98C82D-1518-47BA-A046-AD41999A2A64}.Debug|Any CPU.Build.0 = Debug|Any CPU
		{BC98C82D-1518-47BA-A046-AD41999A2A64}.Release|Any CPU.ActiveCfg = Release|Any CPU
		{BC98C82D-1518-47BA-A046-AD41999A2A64}.Release|Any CPU.Build.0 = Release|Any CPU
		{4F1E1AA3-D3CD-49BA-81F7-FDD5838D197F}.Debug|Any CPU.ActiveCfg = Debug|Any CPU
		{4F1E1AA3-D3CD-49BA-81F7-FDD5838D197F}.Debug|Any CPU.Build.0 = Debug|Any CPU
		{4F1E1AA3-D3CD-49BA-81F7-FDD5838D197F}.Release|Any CPU.ActiveCfg = Release|Any CPU
		{4F1E1AA3-D3CD-49BA-81F7-FDD5838D197F}.Release|Any CPU.Build.0 = Release|Any CPU
		{9AB15D09-AB8B-4817-BF5A-C1320442D172}.Debug|Any CPU.ActiveCfg = Debug|Any CPU
		{9AB15D09-AB8B-4817-BF5A-C1320442D172}.Debug|Any CPU.Build.0 = Debug|Any CPU
		{9AB15D09-AB8B-4817-BF5A-C1320442D172}.Release|Any CPU.ActiveCfg = Release|Any CPU
		{9AB15D09-AB8B-4817-BF5A-C1320442D172}.Release|Any CPU.Build.0 = Release|Any CPU
		{00AC87BD-4A25-4889-A3A6-49F607831505}.Debug|Any CPU.ActiveCfg = Debug|Any CPU
		{00AC87BD-4A25-4889-A3A6-49F607831505}.Debug|Any CPU.Build.0 = Debug|Any CPU
		{00AC87BD-4A25-4889-A3A6-49F607831505}.Release|Any CPU.ActiveCfg = Release|Any CPU
		{00AC87BD-4A25-4889-A3A6-49F607831505}.Release|Any CPU.Build.0 = Release|Any CPU
	EndGlobalSection
	GlobalSection(NestedProjects) = preSolution
		{3186CA79-AF56-4FE9-992F-EED163EE25D2} = {190876CF-5CE8-4CF9-B0E3-3F6840584CB9}
		{E36587AF-3722-4483-9644-C25695BA240B} = {190876CF-5CE8-4CF9-B0E3-3F6840584CB9}
		{40F427CF-C46E-47D8-A2E7-93A00065229B} = {190876CF-5CE8-4CF9-B0E3-3F6840584CB9}
		{BC98C82D-1518-47BA-A046-AD41999A2A64} = {190876CF-5CE8-4CF9-B0E3-3F6840584CB9}
		{9AB15D09-AB8B-4817-BF5A-C1320442D172} = {190876CF-5CE8-4CF9-B0E3-3F6840584CB9}
		{00AC87BD-4A25-4889-A3A6-49F607831505} = {190876CF-5CE8-4CF9-B0E3-3F6840584CB9}
	EndGlobalSection
EndGlobal
