
Microsoft Visual Studio Solution File, Format Version 12.00
# Visual Studio Version 16
VisualStudioVersion = 16.0.30114.105
MinimumVisualStudioVersion = 10.0.40219.1
Project("{2150E333-8FDC-42A3-9474-1A3956D46DE8}") = "lambda", "lambda", "{ABE62A5C-DF1C-408C-BB65-8DAF71374A97}"
EndProject
Project("{FAE04EC0-301F-11D3-BF4B-00C04F79EFBC}") = "RosterDutyReminder", "lambda\RosterDutyReminder\RosterDutyReminder.csproj", "{E5E8BAC8-60B3-4075-8FD8-0B8390E55C97}"
EndProject
Project("{FAE04EC0-301F-11D3-BF4B-00C04F79EFBC}") = "RosterDutyReminder.Tests", "lambda\RosterDutyReminder.Tests\RosterDutyReminder.Tests.csproj", "{771A0260-B22D-4368-8323-228190056EEB}"
EndProject
Project("{2150E333-8FDC-42A3-9474-1A3956D46DE8}") = "Solution Items", "Solution Items", "{09521FBB-D833-4AE9-A316-C28FCE709A3E}"
ProjectSection(SolutionItems) = preProject
	build.ps1 = build.ps1
	README.md = README.md
	RosterDutyReminder.postman_collection.json = RosterDutyReminder.postman_collection.json
EndProjectSection
EndProject
Global
	GlobalSection(SolutionConfigurationPlatforms) = preSolution
		Debug|Any CPU = Debug|Any CPU
		Debug|x64 = Debug|x64
		Debug|x86 = Debug|x86
		Release|Any CPU = Release|Any CPU
		Release|x64 = Release|x64
		Release|x86 = Release|x86
	EndGlobalSection
	GlobalSection(SolutionProperties) = preSolution
		HideSolutionNode = FALSE
	EndGlobalSection
	GlobalSection(ProjectConfigurationPlatforms) = postSolution
		{E5E8BAC8-60B3-4075-8FD8-0B8390E55C97}.Debug|Any CPU.ActiveCfg = Debug|Any CPU
		{E5E8BAC8-60B3-4075-8FD8-0B8390E55C97}.Debug|Any CPU.Build.0 = Debug|Any CPU
		{E5E8BAC8-60B3-4075-8FD8-0B8390E55C97}.Debug|x64.ActiveCfg = Debug|Any CPU
		{E5E8BAC8-60B3-4075-8FD8-0B8390E55C97}.Debug|x64.Build.0 = Debug|Any CPU
		{E5E8BAC8-60B3-4075-8FD8-0B8390E55C97}.Debug|x86.ActiveCfg = Debug|Any CPU
		{E5E8BAC8-60B3-4075-8FD8-0B8390E55C97}.Debug|x86.Build.0 = Debug|Any CPU
		{E5E8BAC8-60B3-4075-8FD8-0B8390E55C97}.Release|Any CPU.ActiveCfg = Release|Any CPU
		{E5E8BAC8-60B3-4075-8FD8-0B8390E55C97}.Release|Any CPU.Build.0 = Release|Any CPU
		{E5E8BAC8-60B3-4075-8FD8-0B8390E55C97}.Release|x64.ActiveCfg = Release|Any CPU
		{E5E8BAC8-60B3-4075-8FD8-0B8390E55C97}.Release|x64.Build.0 = Release|Any CPU
		{E5E8BAC8-60B3-4075-8FD8-0B8390E55C97}.Release|x86.ActiveCfg = Release|Any CPU
		{E5E8BAC8-60B3-4075-8FD8-0B8390E55C97}.Release|x86.Build.0 = Release|Any CPU
		{771A0260-B22D-4368-8323-228190056EEB}.Debug|Any CPU.ActiveCfg = Debug|Any CPU
		{771A0260-B22D-4368-8323-228190056EEB}.Debug|Any CPU.Build.0 = Debug|Any CPU
		{771A0260-B22D-4368-8323-228190056EEB}.Debug|x64.ActiveCfg = Debug|Any CPU
		{771A0260-B22D-4368-8323-228190056EEB}.Debug|x64.Build.0 = Debug|Any CPU
		{771A0260-B22D-4368-8323-228190056EEB}.Debug|x86.ActiveCfg = Debug|Any CPU
		{771A0260-B22D-4368-8323-228190056EEB}.Debug|x86.Build.0 = Debug|Any CPU
		{771A0260-B22D-4368-8323-228190056EEB}.Release|Any CPU.ActiveCfg = Release|Any CPU
		{771A0260-B22D-4368-8323-228190056EEB}.Release|Any CPU.Build.0 = Release|Any CPU
		{771A0260-B22D-4368-8323-228190056EEB}.Release|x64.ActiveCfg = Release|Any CPU
		{771A0260-B22D-4368-8323-228190056EEB}.Release|x64.Build.0 = Release|Any CPU
		{771A0260-B22D-4368-8323-228190056EEB}.Release|x86.ActiveCfg = Release|Any CPU
		{771A0260-B22D-4368-8323-228190056EEB}.Release|x86.Build.0 = Release|Any CPU
	EndGlobalSection
	GlobalSection(NestedProjects) = preSolution
		{E5E8BAC8-60B3-4075-8FD8-0B8390E55C97} = {ABE62A5C-DF1C-408C-BB65-8DAF71374A97}
		{771A0260-B22D-4368-8323-228190056EEB} = {ABE62A5C-DF1C-408C-BB65-8DAF71374A97}
	EndGlobalSection
EndGlobal
